
Microsoft Visual Studio Solution File, Format Version 12.00
# Visual Studio Version 17
VisualStudioVersion = 17.1.32228.430
MinimumVisualStudioVersion = 10.0.40219.1
Project("{9A19103F-16F7-4668-BE54-9A1E7A4F7556}") = "FluidPDF", "FluidPDF\FluidPDF.csproj", "{81E33647-E6E2-48F1-8206-A7FB2C6AA4D6}"
EndProject
Project("{2150E333-8FDC-42A3-9474-1A3956D46DE8}") = "Solution Items", "Solution Items", "{D6604721-A4BC-40AA-9518-F97850797318}"
	ProjectSection(SolutionItems) = preProject
		Directory.Build.props = Directory.Build.props
	EndProjectSection
EndProject
Project("{FAE04EC0-301F-11D3-BF4B-00C04F79EFBC}") = "FluidPDF.Tests", "FluidPDF.Tests\FluidPDF.Tests.csproj", "{E9BE2087-EC85-474F-A1DF-D45FCD3D57C0}"
EndProject
Global
	GlobalSection(SolutionConfigurationPlatforms) = preSolution
		Debug|Any CPU = Debug|Any CPU
		Release|Any CPU = Release|Any CPU
	EndGlobalSection
	GlobalSection(ProjectConfigurationPlatforms) = postSolution
		{81E33647-E6E2-48F1-8206-A7FB2C6AA4D6}.Debug|Any CPU.ActiveCfg = Debug|Any CPU
		{81E33647-E6E2-48F1-8206-A7FB2C6AA4D6}.Debug|Any CPU.Build.0 = Debug|Any CPU
		{81E33647-E6E2-48F1-8206-A7FB2C6AA4D6}.Release|Any CPU.ActiveCfg = Release|Any CPU
		{81E33647-E6E2-48F1-8206-A7FB2C6AA4D6}.Release|Any CPU.Build.0 = Release|Any CPU
		{E9BE2087-EC85-474F-A1DF-D45FCD3D57C0}.Debug|Any CPU.ActiveCfg = Debug|Any CPU
		{E9BE2087-EC85-474F-A1DF-D45FCD3D57C0}.Debug|Any CPU.Build.0 = Debug|Any CPU
		{E9BE2087-EC85-474F-A1DF-D45FCD3D57C0}.Release|Any CPU.ActiveCfg = Release|Any CPU
		{E9BE2087-EC85-474F-A1DF-D45FCD3D57C0}.Release|Any CPU.Build.0 = Release|Any CPU
	EndGlobalSection
	GlobalSection(SolutionProperties) = preSolution
		HideSolutionNode = FALSE
	EndGlobalSection
	GlobalSection(ExtensibilityGlobals) = postSolution
		SolutionGuid = {7C9F822F-F2CB-496F-8F92-28C3794454F3}
	EndGlobalSection
EndGlobal
